<?xml version="1.0" encoding="utf-8"?>
<Project ToolsVersion="4.0" xmlns="http://schemas.microsoft.com/developer/msbuild/2003">
  <ItemGroup>
    <Filter Include="ソース ファイル">
      <UniqueIdentifier>{4FC737F1-C7A5-4376-A066-2A32D752A2FF}</UniqueIdentifier>
      <Extensions>cpp;c;cc;cxx;c++;cppm;ixx;def;odl;idl;hpj;bat;asm;asmx</Extensions>
    </Filter>
    <Filter Include="ヘッダー ファイル">
      <UniqueIdentifier>{93995380-89BD-4b04-88EB-625FBE52EBFB}</UniqueIdentifier>
      <Extensions>h;hh;hpp;hxx;h++;hm;inl;inc;ipp;xsd</Extensions>
    </Filter>
    <Filter Include="リソース ファイル">
      <UniqueIdentifier>{67DA6AB6-F800-4c08-8B7A-83BB121AAD01}</UniqueIdentifier>
      <Extensions>rc;ico;cur;bmp;dlg;rc2;rct;bin;rgs;gif;jpg;jpeg;jpe;resx;tiff;tif;png;wav;mfcribbon-ms</Extensions>
    </Filter>
    <Filter Include="Source">
      <UniqueIdentifier>{193f76b1-5f4f-46ad-b5c2-37a60e8f5bf2}</UniqueIdentifier>
    </Filter>
    <Filter Include="Source\DirectX">
      <UniqueIdentifier>{907b3268-60ff-4265-95e0-e71556ec232f}</UniqueIdentifier>
    </Filter>
    <Filter Include="Source\Game">
      <UniqueIdentifier>{ea3ae66d-1428-43a1-adeb-11021c8847c4}</UniqueIdentifier>
    </Filter>
    <Filter Include="Source\Game\GameScene">
      <UniqueIdentifier>{e75b64f4-ab7c-4598-9988-10e3ac68145f}</UniqueIdentifier>
    </Filter>
    <Filter Include="Source\Game\TitleScene">
      <UniqueIdentifier>{94215e8e-cf66-4135-a534-c228eb176992}</UniqueIdentifier>
    </Filter>
    <Filter Include="Source\Game\GameScene\ClassRoom">
      <UniqueIdentifier>{baecda00-387a-4ba2-b30c-2421ac9b22d1}</UniqueIdentifier>
    </Filter>
    <Filter Include="Source\Game\System">
      <UniqueIdentifier>{471859f4-dd5d-4119-a679-e321d981d280}</UniqueIdentifier>
    </Filter>
    <Filter Include="Source\Game\GameScene\Game">
      <UniqueIdentifier>{cf26ea56-d9a1-4bd8-b3fd-b151c87759d9}</UniqueIdentifier>
    </Filter>
    <Filter Include="Source\Game\GameScene\Ocean">
      <UniqueIdentifier>{d33203e5-e595-4ecd-bf2c-5e44506e4c99}</UniqueIdentifier>
    </Filter>
    <Filter Include="Source\Game\GameScene\Objects">
      <UniqueIdentifier>{bb1f6a63-643a-4cfb-8c66-a94a6d5d81f9}</UniqueIdentifier>
    </Filter>
    <Filter Include="Source\Game\GameScene\Manager">
      <UniqueIdentifier>{00621bde-2906-4794-93dd-bc34a58c7a84}</UniqueIdentifier>
    </Filter>
    <Filter Include="Source\Game\ChooseScene">
      <UniqueIdentifier>{5811b3b6-f538-4f91-a105-5220669c1498}</UniqueIdentifier>
    </Filter>
    <Filter Include="Source\Game\ResultScene">
      <UniqueIdentifier>{cd862377-1a0b-4585-9406-d0721b63e2aa}</UniqueIdentifier>
    </Filter>
    <Filter Include="Source\Game\GameScene\Amusement">
      <UniqueIdentifier>{33234fd1-a347-4677-bd5e-24dae264a45b}</UniqueIdentifier>
    </Filter>
    <Filter Include="Source\Game\GameScene\Objects\Character">
      <UniqueIdentifier>{16979b69-4341-408c-9724-50be484ab5d8}</UniqueIdentifier>
    </Filter>
  </ItemGroup>
  <ItemGroup>
    <ClInclude Include="framework.h">
      <Filter>ヘッダー ファイル</Filter>
    </ClInclude>
    <ClInclude Include="targetver.h">
      <Filter>ヘッダー ファイル</Filter>
    </ClInclude>
    <ClInclude Include="Resource.h">
      <Filter>ヘッダー ファイル</Filter>
    </ClInclude>
    <ClInclude Include="Application.h">
      <Filter>ヘッダー ファイル</Filter>
    </ClInclude>
    <ClInclude Include="Source\DirectX\Direct3D.h">
      <Filter>Source\DirectX</Filter>
    </ClInclude>
    <ClInclude Include="Source\DirectX\Texture.h">
      <Filter>Source\DirectX</Filter>
    </ClInclude>
    <ClInclude Include="Source\DirectX\DirectX.h">
      <Filter>Source\DirectX</Filter>
    </ClInclude>
    <ClInclude Include="Source\DirectX\Input.h">
      <Filter>Source\DirectX</Filter>
    </ClInclude>
    <ClInclude Include="Source\DirectX\Audio.h">
      <Filter>Source\DirectX</Filter>
    </ClInclude>
    <ClInclude Include="Source\Game\TitleScene.h">
      <Filter>Source\Game\TitleScene</Filter>
    </ClInclude>
    <ClInclude Include="Source\Game\GameScene.h">
      <Filter>Source\Game\GameScene</Filter>
    </ClInclude>
    <ClInclude Include="Source\Game\HitStop.h">
      <Filter>Source\Game\GameScene</Filter>
    </ClInclude>
    <ClInclude Include="Source\Game\Phase.h">
      <Filter>Source\Game\GameScene</Filter>
    </ClInclude>
    <ClInclude Include="Source\Game\Physics.h">
      <Filter>Source\Game\GameScene</Filter>
    </ClInclude>
    <ClInclude Include="Source\Game\SaveData.h">
      <Filter>Source\Game\System</Filter>
    </ClInclude>
    <ClInclude Include="Source\Game\EffectManager.h">
      <Filter>Source\Game\System</Filter>
    </ClInclude>
    <ClInclude Include="Source\Game\Effect.h">
      <Filter>Source\Game\System</Filter>
    </ClInclude>
    <ClInclude Include="Source\Game\GameSystem.h">
      <Filter>Source\Game\System</Filter>
    </ClInclude>
    <ClInclude Include="Source\Game\Platform.h">
      <Filter>Source\Game\GameScene\ClassRoom</Filter>
    </ClInclude>
    <ClInclude Include="Source\Game\Houki.h">
      <Filter>Source\Game\GameScene\ClassRoom</Filter>
    </ClInclude>
    <ClInclude Include="Source\Game\PC.h">
      <Filter>Source\Game\GameScene\ClassRoom</Filter>
    </ClInclude>
    <ClInclude Include="Source\Game\Note.h">
      <Filter>Source\Game\GameScene\ClassRoom</Filter>
    </ClInclude>
    <ClInclude Include="Source\Game\Anchor.h">
      <Filter>Source\Game\GameScene\Ocean</Filter>
    </ClInclude>
    <ClInclude Include="Source\Game\Apple.h">
      <Filter>Source\Game\GameScene\Game</Filter>
    </ClInclude>
    <ClInclude Include="Source\Game\PhaseClassRoom.h">
      <Filter>Source\Game\GameScene\ClassRoom</Filter>
    </ClInclude>
    <ClInclude Include="Source\Game\PhaseGame.h">
      <Filter>Source\Game\GameScene\Game</Filter>
    </ClInclude>
    <ClInclude Include="Source\Game\PhaseOcean.h">
      <Filter>Source\Game\GameScene\Ocean</Filter>
    </ClInclude>
    <ClInclude Include="Source\Game\Barrel.h">
      <Filter>Source\Game\GameScene\Ocean</Filter>
    </ClInclude>
    <ClInclude Include="Source\Game\Coin.h">
      <Filter>Source\Game\GameScene\Game</Filter>
    </ClInclude>
    <ClInclude Include="Source\Game\Camera.h">
      <Filter>Source\Game\System</Filter>
    </ClInclude>
    <ClInclude Include="Source\Game\Controller.h">
      <Filter>Source\Game\System</Filter>
    </ClInclude>
    <ClInclude Include="Source\Game\Coral.h">
      <Filter>Source\Game\GameScene\Ocean</Filter>
    </ClInclude>
    <ClInclude Include="Source\Game\Scene.h">
      <Filter>Source\Game\System</Filter>
    </ClInclude>
    <ClInclude Include="Source\Game\Shell.h">
      <Filter>Source\Game\GameScene\Ocean</Filter>
    </ClInclude>
    <ClInclude Include="Source\Game\Shield.h">
      <Filter>Source\Game\GameScene\Game</Filter>
    </ClInclude>
    <ClInclude Include="Source\Game\Slime.h">
      <Filter>Source\Game\GameScene\Game</Filter>
    </ClInclude>
    <ClInclude Include="Source\Game\Sword.h">
      <Filter>Source\Game\GameScene\Game</Filter>
    </ClInclude>
    <ClInclude Include="Source\Game\Whale.h">
      <Filter>Source\Game\GameScene\Ocean</Filter>
    </ClInclude>
    <ClInclude Include="Source\Game\Bear.h">
      <Filter>Source\Game\GameScene\Objects</Filter>
    </ClInclude>
    <ClInclude Include="Source\Game\WoodenBox.h">
      <Filter>Source\Game\GameScene\Objects</Filter>
    </ClInclude>
    <ClInclude Include="Source\Game\Kokeshi.h">
      <Filter>Source\Game\GameScene\Objects</Filter>
    </ClInclude>
    <ClInclude Include="Source\Game\FieldObject.h">
      <Filter>Source\Game\GameScene\Objects</Filter>
    </ClInclude>
    <ClInclude Include="Source\Game\GameObject.h">
      <Filter>Source\Game\GameScene\Objects</Filter>
    </ClInclude>
    <ClInclude Include="Source\Game\FieldManager.h">
      <Filter>Source\Game\GameScene\Manager</Filter>
    </ClInclude>
    <ClInclude Include="Source\Game\PlayerManager.h">
      <Filter>Source\Game\GameScene\Manager</Filter>
    </ClInclude>
    <ClInclude Include="Source\Game\ThrowObjectManager.h">
      <Filter>Source\Game\GameScene\Manager</Filter>
    </ClInclude>
    <ClInclude Include="Source\Game\Player.h">
      <Filter>Source\Game\GameScene\Objects</Filter>
    </ClInclude>
    <ClInclude Include="Source\Game\ThrowObject.h">
      <Filter>Source\Game\GameScene\Objects</Filter>
    </ClInclude>
    <ClInclude Include="Source\Game\Ground.h">
      <Filter>Source\Game\GameScene\Objects</Filter>
    </ClInclude>
    <ClInclude Include="Source\Game\ResultScene.h">
      <Filter>Source\Game\ResultScene</Filter>
    </ClInclude>
    <ClInclude Include="Source\Game\ChooseScene.h">
      <Filter>Source\Game\ChooseScene</Filter>
    </ClInclude>
    <ClInclude Include="Source\Game\Select.h">
      <Filter>Source\Game\ChooseScene</Filter>
    </ClInclude>
    <ClInclude Include="Source\Game\CharacterSelect.h">
      <Filter>Source\Game\ChooseScene</Filter>
    </ClInclude>
    <ClInclude Include="Source\Game\StageSelect.h">
      <Filter>Source\Game\ChooseScene</Filter>
    </ClInclude>
    <ClInclude Include="Source\Game\ABCblock.h">
      <Filter>Source\Game\GameScene\Amusement</Filter>
    </ClInclude>
    <ClInclude Include="Source\Game\Balloon.h">
      <Filter>Source\Game\GameScene\Amusement</Filter>
    </ClInclude>
    <ClInclude Include="Source\Game\Clown.h">
      <Filter>Source\Game\GameScene\Amusement</Filter>
    </ClInclude>
    <ClInclude Include="Source\Game\CoffeeCup.h">
      <Filter>Source\Game\GameScene\Amusement</Filter>
    </ClInclude>
    <ClInclude Include="Source\Game\Ferriswheel.h">
      <Filter>Source\Game\GameScene\Amusement</Filter>
    </ClInclude>
    <ClInclude Include="Source\Game\Character.h">
      <Filter>Source\Game\GameScene\Objects\Character</Filter>
    </ClInclude>
    <ClInclude Include="Source\Game\Esper.h">
      <Filter>Source\Game\GameScene\Objects\Character</Filter>
    </ClInclude>
    <ClInclude Include="Source\Game\Horse.h">
      <Filter>Source\Game\GameScene\Amusement</Filter>
    </ClInclude>
    <ClInclude Include="Source\Game\MerrygoroundBear.h">
      <Filter>Source\Game\GameScene\Amusement</Filter>
    </ClInclude>
    <ClInclude Include="Source\Game\PhaseAmusementPark.h">
      <Filter>Source\Game\GameScene\Amusement</Filter>
    </ClInclude>
    <ClInclude Include="Source\DirectX\MovieTexture.h">
      <Filter>Source\DirectX</Filter>
    </ClInclude>
    <ClInclude Include="Source\DirectX\video_texture.h">
      <Filter>Source\DirectX</Filter>
    </ClInclude>
    <ClInclude Include="Source\DirectX\clock.h">
      <Filter>Source\DirectX</Filter>
    </ClInclude>
    <ClInclude Include="Source\Game\RespawnScaffold.h">
      <Filter>Source\Game\GameScene\Objects</Filter>
    </ClInclude>
    <ClInclude Include="Source\Game\TitleBackGroundMovie.h">
      <Filter>Source\Game\TitleScene</Filter>
    </ClInclude>
  </ItemGroup>
  <ItemGroup>
    <ClCompile Include="Application.cpp">
      <Filter>ソース ファイル</Filter>
    </ClCompile>
    <ClCompile Include="Source\DirectX\Direct3D.cpp">
      <Filter>Source\DirectX</Filter>
    </ClCompile>
    <ClCompile Include="Source\DirectX\Texture.cpp">
      <Filter>Source\DirectX</Filter>
    </ClCompile>
    <ClCompile Include="Source\DirectX\Input.cpp">
      <Filter>Source\DirectX</Filter>
    </ClCompile>
    <ClCompile Include="Source\DirectX\Audio.cpp">
      <Filter>Source\DirectX</Filter>
    </ClCompile>
    <ClCompile Include="Source\Game\TitleScene.cpp">
      <Filter>Source\Game\TitleScene</Filter>
    </ClCompile>
    <ClCompile Include="Source\Game\GameScene.cpp">
      <Filter>Source\Game\GameScene</Filter>
    </ClCompile>
    <ClCompile Include="Source\Game\HitStop.cpp">
      <Filter>Source\Game\GameScene</Filter>
    </ClCompile>
    <ClCompile Include="Source\Game\Phase.cpp">
      <Filter>Source\Game\GameScene</Filter>
    </ClCompile>
    <ClCompile Include="Source\Game\Physics.cpp">
      <Filter>Source\Game\GameScene</Filter>
    </ClCompile>
    <ClCompile Include="Source\Game\SaveData.cpp">
      <Filter>Source\Game\System</Filter>
    </ClCompile>
    <ClCompile Include="Source\Game\Effect.cpp">
      <Filter>Source\Game\System</Filter>
    </ClCompile>
    <ClCompile Include="Source\Game\EffectManager.cpp">
      <Filter>Source\Game\System</Filter>
    </ClCompile>
    <ClCompile Include="Source\Game\GameSystem.cpp">
      <Filter>Source\Game\System</Filter>
    </ClCompile>
    <ClCompile Include="Source\Game\Platform.cpp">
      <Filter>Source\Game\GameScene\ClassRoom</Filter>
    </ClCompile>
    <ClCompile Include="Source\Game\Houki.cpp">
      <Filter>Source\Game\GameScene\ClassRoom</Filter>
    </ClCompile>
    <ClCompile Include="Source\Game\Note.cpp">
      <Filter>Source\Game\GameScene\ClassRoom</Filter>
    </ClCompile>
    <ClCompile Include="Source\Game\PC.cpp">
      <Filter>Source\Game\GameScene\ClassRoom</Filter>
    </ClCompile>
    <ClCompile Include="Source\Game\Anchor.cpp">
      <Filter>Source\Game\GameScene\Ocean</Filter>
    </ClCompile>
    <ClCompile Include="Source\Game\Apple.cpp">
      <Filter>Source\Game\GameScene\Game</Filter>
    </ClCompile>
    <ClCompile Include="Source\Game\PhaseClassRoom.cpp">
      <Filter>Source\Game\GameScene\ClassRoom</Filter>
    </ClCompile>
    <ClCompile Include="Source\Game\PhaseGame.cpp">
      <Filter>Source\Game\GameScene\Game</Filter>
    </ClCompile>
    <ClCompile Include="Source\Game\PhaseOcean.cpp">
      <Filter>Source\Game\GameScene\Ocean</Filter>
    </ClCompile>
    <ClCompile Include="Source\Game\Barrel.cpp">
      <Filter>Source\Game\GameScene\Ocean</Filter>
    </ClCompile>
    <ClCompile Include="Source\Game\Coin.cpp">
      <Filter>Source\Game\GameScene\Game</Filter>
    </ClCompile>
    <ClCompile Include="Source\Game\Camera.cpp">
      <Filter>Source\Game\System</Filter>
    </ClCompile>
    <ClCompile Include="Source\Game\Controller.cpp">
      <Filter>Source\Game\System</Filter>
    </ClCompile>
    <ClCompile Include="Source\Game\Coral.cpp">
      <Filter>Source\Game\GameScene\Ocean</Filter>
    </ClCompile>
    <ClCompile Include="Source\Game\Shell.cpp">
      <Filter>Source\Game\GameScene\Ocean</Filter>
    </ClCompile>
    <ClCompile Include="Source\Game\Shield.cpp">
      <Filter>Source\Game\GameScene\Game</Filter>
    </ClCompile>
    <ClCompile Include="Source\Game\Slime.cpp">
      <Filter>Source\Game\GameScene\Game</Filter>
    </ClCompile>
    <ClCompile Include="Source\Game\Sword.cpp">
      <Filter>Source\Game\GameScene\Game</Filter>
    </ClCompile>
    <ClCompile Include="Source\Game\Whale.cpp">
      <Filter>Source\Game\GameScene\Ocean</Filter>
    </ClCompile>
    <ClCompile Include="Source\Game\Bear.cpp">
      <Filter>Source\Game\GameScene\Objects</Filter>
    </ClCompile>
    <ClCompile Include="Source\Game\WoodenBox.cpp">
      <Filter>Source\Game\GameScene\Objects</Filter>
    </ClCompile>
    <ClCompile Include="Source\Game\Kokeshi.cpp">
      <Filter>Source\Game\GameScene\Objects</Filter>
    </ClCompile>
    <ClCompile Include="Source\Game\FieldObject.cpp">
      <Filter>Source\Game\GameScene\Objects</Filter>
    </ClCompile>
    <ClCompile Include="Source\Game\GameObject.cpp">
      <Filter>Source\Game\GameScene\Objects</Filter>
    </ClCompile>
    <ClCompile Include="Source\Game\FieldManager.cpp">
      <Filter>Source\Game\GameScene\Manager</Filter>
    </ClCompile>
    <ClCompile Include="Source\Game\PlayerManager.cpp">
      <Filter>Source\Game\GameScene\Manager</Filter>
    </ClCompile>
    <ClCompile Include="Source\Game\ThrowObjectManager.cpp">
      <Filter>Source\Game\GameScene\Manager</Filter>
    </ClCompile>
    <ClCompile Include="Source\Game\ThrowObject.cpp">
      <Filter>Source\Game\GameScene\Objects</Filter>
    </ClCompile>
    <ClCompile Include="Source\Game\Player.cpp">
      <Filter>Source\Game\GameScene\Objects</Filter>
    </ClCompile>
    <ClCompile Include="Source\Game\Ground.cpp">
      <Filter>Source\Game\GameScene\Objects</Filter>
    </ClCompile>
    <ClCompile Include="Source\Game\ResultScene.cpp">
      <Filter>Source\Game\ResultScene</Filter>
    </ClCompile>
    <ClCompile Include="Source\Game\ChooseScene.cpp">
      <Filter>Source\Game\ChooseScene</Filter>
    </ClCompile>
    <ClCompile Include="Source\Game\CharacterSelect.cpp">
      <Filter>Source\Game\ChooseScene</Filter>
    </ClCompile>
    <ClCompile Include="Source\Game\StageSelect.cpp">
      <Filter>Source\Game\ChooseScene</Filter>
    </ClCompile>
    <ClCompile Include="Source\Game\ABCblock.cpp">
      <Filter>Source\Game\GameScene\Amusement</Filter>
    </ClCompile>
    <ClCompile Include="Source\Game\Balloon.cpp">
      <Filter>Source\Game\GameScene\Amusement</Filter>
    </ClCompile>
    <ClCompile Include="Source\Game\Clown.cpp">
      <Filter>Source\Game\GameScene\Amusement</Filter>
    </ClCompile>
    <ClCompile Include="Source\Game\CoffeeCup.cpp">
      <Filter>Source\Game\GameScene\Amusement</Filter>
    </ClCompile>
    <ClCompile Include="Source\Game\Ferriswheel.cpp">
      <Filter>Source\Game\GameScene\Amusement</Filter>
    </ClCompile>
    <ClCompile Include="Source\Game\Character.cpp">
      <Filter>Source\Game\GameScene\Objects\Character</Filter>
    </ClCompile>
    <ClCompile Include="Source\Game\Esper.cpp">
      <Filter>Source\Game\GameScene\Objects\Character</Filter>
    </ClCompile>
    <ClCompile Include="Source\Game\Horse.cpp">
      <Filter>Source\Game\GameScene\Amusement</Filter>
    </ClCompile>
    <ClCompile Include="Source\Game\MerrygoroundBear.cpp">
      <Filter>Source\Game\GameScene\Amusement</Filter>
    </ClCompile>
    <ClCompile Include="Source\Game\PhaseAmusementPark.cpp">
      <Filter>Source\Game\GameScene\Amusement</Filter>
    </ClCompile>
    <ClCompile Include="Source\DirectX\video_texture.cpp">
      <Filter>Source\DirectX</Filter>
    </ClCompile>
    <ClCompile Include="Source\DirectX\MovieTexture.cpp">
      <Filter>Source\DirectX</Filter>
    </ClCompile>
    <ClCompile Include="Source\Game\RespawnScaffold.cpp">
      <Filter>Source\Game\GameScene\Objects</Filter>
    </ClCompile>
    <ClCompile Include="Source\Game\TitleBackGroundMovie.cpp">
      <Filter>Source\Game\TitleScene</Filter>
    </ClCompile>
  </ItemGroup>
  <ItemGroup>
    <ResourceCompile Include="Application.rc">
      <Filter>リソース ファイル</Filter>
    </ResourceCompile>
  </ItemGroup>
  <ItemGroup>
    <Image Include="small.ico">
      <Filter>リソース ファイル</Filter>
    </Image>
    <Image Include="Application.ico">
      <Filter>リソース ファイル</Filter>
    </Image>
  </ItemGroup>
  <ItemGroup>
    <None Include="packages.config" />
  </ItemGroup>
</Project>